{
  "version": 4,
  "terraform_version": "1.6.1",
  "serial": 5,
  "lineage": "9c7d7647-b86b-dd64-5a8c-83e46849e9e7",
  "outputs": {
    "account_id": {
      "value": "851725390060",
      "type": "string"
    },
    "dynamodb_table": {
      "value": "gh-app-org-repo-settings",
      "type": "string"
    },
    "region": {
      "value": "us-east-1",
      "type": "string"
    }
  },
  "resources": [
    {
      "module": "module.state_backend",
      "mode": "data",
      "type": "aws_caller_identity",
      "name": "current",
      "provider": "provider[\"registry.terraform.io/hashicorp/aws\"]",
      "instances": [
        {
          "schema_version": 0,
          "attributes": {
            "account_id": "851725390060",
            "arn": "arn:aws:sts::851725390060:assumed-role/AWSReservedSSO_AdministratorAccess_6992a68415d3f97c/ismatsyahimran@tamu.edu",
            "id": "851725390060",
            "user_id": "AROA4MTWKCDWK34TSTZB2:ismatsyahimran@tamu.edu"
          },
          "sensitive_attributes": []
        }
      ]
    },
    {
      "module": "module.state_backend",
      "mode": "data",
      "type": "aws_region",
      "name": "current",
      "provider": "provider[\"registry.terraform.io/hashicorp/aws\"]",
      "instances": [
        {
          "schema_version": 0,
          "attributes": {
            "description": "US East (N. Virginia)",
            "endpoint": "ec2.us-east-1.amazonaws.com",
            "id": "us-east-1",
            "name": "us-east-1"
          },
          "sensitive_attributes": []
        }
      ]
    },
    {
      "module": "module.state_backend",
      "mode": "managed",
      "type": "aws_dynamodb_table",
      "name": "state",
      "provider": "provider[\"registry.terraform.io/hashicorp/aws\"]",
      "instances": [
        {
          "schema_version": 1,
          "attributes": {
            "arn": "arn:aws:dynamodb:us-east-1:851725390060:table/gh-app-org-repo-settings",
            "attribute": [
              {
                "name": "LockID",
                "type": "S"
              }
            ],
            "billing_mode": "PAY_PER_REQUEST",
            "deletion_protection_enabled": false,
            "global_secondary_index": [],
            "hash_key": "LockID",
            "id": "gh-app-org-repo-settings",
            "import_table": [],
            "local_secondary_index": [],
            "name": "gh-app-org-repo-settings",
            "point_in_time_recovery": [
              {
                "enabled": false
              }
            ],
            "range_key": null,
            "read_capacity": 0,
            "replica": [],
            "restore_date_time": null,
            "restore_source_name": null,
            "restore_to_latest_time": null,
            "server_side_encryption": [],
            "stream_arn": "",
            "stream_enabled": false,
            "stream_label": "",
            "stream_view_type": "",
            "table_class": "STANDARD",
            "tags": {},
            "tags_all": {},
            "timeouts": null,
            "ttl": [
              {
                "attribute_name": "",
                "enabled": false
              }
            ],
            "write_capacity": 0
          },
          "sensitive_attributes": [],
          "private": "eyJlMmJmYjczMC1lY2FhLTExZTYtOGY4OC0zNDM2M2JjN2M0YzAiOnsiY3JlYXRlIjoxODAwMDAwMDAwMDAwLCJkZWxldGUiOjYwMDAwMDAwMDAwMCwidXBkYXRlIjozNjAwMDAwMDAwMDAwfSwic2NoZW1hX3ZlcnNpb24iOiIxIn0=",
          "dependencies": [
            "module.state_backend.data.aws_caller_identity.current"
          ]
        }
      ]
    }
  ],
  "check_results": null
}
